{
  "name": "testes",
  "version": "1.0.0",
  "lockfileVersion": 1,
  "requires": true,
  "dependencies": {
    "git-describe": {
      "version": "4.0.4",
      "resolved": "https://registry.npmjs.org/git-describe/-/git-describe-4.0.4.tgz",
      "integrity": "sha512-L1X9OO1e4MusB4PzG9LXeXCQifRvyuoHTpuuZ521Qyxn/B0kWHWEOtsT4LsSfSNacZz0h4ZdYDsDG7f+SrA3hg==",
      "requires": {
        "lodash": "^4.17.11",
        "semver": "^5.6.0"
      }
    },
    "lodash": {
      "version": "4.17.19",
      "resolved": "https://registry.npmjs.org/lodash/-/lodash-4.17.19.tgz",
      "integrity": "sha512-JNvd8XER9GQX0v2qJgsaN/mzFCNA5BRe/j8JN9d+tWyGLSodKQHKFicdwNYzWwI3wjRnaKPsGj1XkBjx/F96DQ=="
    },
    "semver": {
      "version": "5.7.1",
      "resolved": "https://registry.npmjs.org/semver/-/semver-5.7.1.tgz",
      "integrity": "sha512-sauaDf/PZdVgrLTNYHRtpXa1iRiKcaebiKQ1BJdpQlWH2lCvexQdX55snPFyK7QzpudqbCI0qXFfOasHdyNDGQ==",
      "optional": true
    }
  }
}
